// !$*UTF8*$!
{
	archiveVersion = 1;
	classes = {
	};
	objectVersion = 56;
	objects = {

/* Begin PBXBuildFile section */
		AF7CD2BC2A9C9CC0007B81A9 /* CoreDataBootcampApp.swift in Sources */ = {isa = PBXBuildFile; fileRef = AF7CD2BB2A9C9CC0007B81A9 /* CoreDataBootcampApp.swift */; };
		AF7CD2BE2A9C9CC0007B81A9 /* ContentView.swift in Sources */ = {isa = PBXBuildFile; fileRef = AF7CD2BD2A9C9CC0007B81A9 /* ContentView.swift */; };
		AF7CD2C02A9C9CC1007B81A9 /* Assets.xcassets in Resources */ = {isa = PBXBuildFile; fileRef = AF7CD2BF2A9C9CC1007B81A9 /* Assets.xcassets */; };
		AF7CD2C32A9C9CC1007B81A9 /* Preview Assets.xcassets in Resources */ = {isa = PBXBuildFile; fileRef = AF7CD2C22A9C9CC1007B81A9 /* Preview Assets.xcassets */; };
		AF7CD2C52A9C9CC1007B81A9 /* Persistence.swift in Sources */ = {isa = PBXBuildFile; fileRef = AF7CD2C42A9C9CC1007B81A9 /* Persistence.swift */; };
		AF7CD2C82A9C9CC1007B81A9 /* CoreDataBootcamp.xcdatamodeld in Sources */ = {isa = PBXBuildFile; fileRef = AF7CD2C62A9C9CC1007B81A9 /* CoreDataBootcamp.xcdatamodeld */; };
/* End PBXBuildFile section */

/* Begin PBXFileReference section */
		AF7CD2B82A9C9CC0007B81A9 /* CoreDataBootcamp.app */ = {isa = PBXFileReference; explicitFileType = wrapper.application; includeInIndex = 0; path = CoreDataBootcamp.app; sourceTree = BUILT_PRODUCTS_DIR; };
		AF7CD2BB2A9C9CC0007B81A9 /* CoreDataBootcampApp.swift */ = {isa = PBXFileReference; lastKnownFileType = sourcecode.swift; path = CoreDataBootcampApp.swift; sourceTree = "<group>"; };
		AF7CD2BD2A9C9CC0007B81A9 /* ContentView.swift */ = {isa = PBXFileReference; lastKnownFileType = sourcecode.swift; path = ContentView.swift; sourceTree = "<group>"; };
		AF7CD2BF2A9C9CC1007B81A9 /* Assets.xcassets */ = {isa = PBXFileReference; lastKnownFileType = folder.assetcatalog; path = Assets.xcassets; sourceTree = "<group>"; };
		AF7CD2C22A9C9CC1007B81A9 /* Preview Assets.xcassets */ = {isa = PBXFileReference; lastKnownFileType = folder.assetcatalog; path = "Preview Assets.xcassets"; sourceTree = "<group>"; };
		AF7CD2C42A9C9CC1007B81A9 /* Persistence.swift */ = {isa = PBXFileReference; lastKnownFileType = sourcecode.swift; path = Persistence.swift; sourceTree = "<group>"; };
		AF7CD2C72A9C9CC1007B81A9 /* CoreDataBootcamp.xcdatamodel */ = {isa = PBXFileReference; lastKnownFileType = wrapper.xcdatamodel; path = CoreDataBootcamp.xcdatamodel; sourceTree = "<group>"; };
/* End PBXFileReference section */

/* Begin PBXFrameworksBuildPhase section */
		AF7CD2B52A9C9CC0007B81A9 /* Frameworks */ = {
			isa = PBXFrameworksBuildPhase;
			buildActionMask = 2147483647;
			files = (
			);
			runOnlyForDeploymentPostprocessing = 0;
		};
/* End PBXFrameworksBuildPhase section */

/* Begin PBXGroup section */
		AF7CD2AF2A9C9CC0007B81A9 = {
			isa = PBXGroup;
			children = (
				AF7CD2BA2A9C9CC0007B81A9 /* CoreDataBootcamp */,
				AF7CD2B92A9C9CC0007B81A9 /* Products */,
			);
			sourceTree = "<group>";
		};
		AF7CD2B92A9C9CC0007B81A9 /* Products */ = {
			isa = PBXGroup;
			children = (
				AF7CD2B82A9C9CC0007B81A9 /* CoreDataBootcamp.app */,
			);
			name = Products;
			sourceTree = "<group>";
		};
		AF7CD2BA2A9C9CC0007B81A9 /* CoreDataBootcamp */ = {
			isa = PBXGroup;
			children = (
				AF7CD2BB2A9C9CC0007B81A9 /* CoreDataBootcampApp.swift */,
				AF7CD2BD2A9C9CC0007B81A9 /* ContentView.swift */,
				AF7CD2BF2A9C9CC1007B81A9 /* Assets.xcassets */,
				AF7CD2C42A9C9CC1007B81A9 /* Persistence.swift */,
				AF7CD2C62A9C9CC1007B81A9 /* CoreDataBootcamp.xcdatamodeld */,
				AF7CD2C12A9C9CC1007B81A9 /* Preview Content */,
			);
			path = CoreDataBootcamp;
			sourceTree = "<group>";
		};
		AF7CD2C12A9C9CC1007B81A9 /* Preview Content */ = {
			isa = PBXGroup;
			children = (
				AF7CD2C22A9C9CC1007B81A9 /* Preview Assets.xcassets */,
			);
			path = "Preview Content";
			sourceTree = "<group>";
		};
/* End PBXGroup section */

/* Begin PBXNativeTarget section */
		AF7CD2B72A9C9CC0007B81A9 /* CoreDataBootcamp */ = {
			isa = PBXNativeTarget;
			buildConfigurationList = AF7CD2CB2A9C9CC1007B81A9 /* Build configuration list for PBXNativeTarget "CoreDataBootcamp" */;
			buildPhases = (
				AF7CD2B42A9C9CC0007B81A9 /* Sources */,
				AF7CD2B52A9C9CC0007B81A9 /* Frameworks */,
				AF7CD2B62A9C9CC0007B81A9 /* Resources */,
			);
			buildRules = (
			);
			dependencies = (
			);
			name = CoreDataBootcamp;
			productName = CoreDataBootcamp;
			productReference = AF7CD2B82A9C9CC0007B81A9 /* CoreDataBootcamp.app */;
			productType = "com.apple.product-type.application";
		};
/* End PBXNativeTarget section */

/* Begin PBXProject section */
		AF7CD2B02A9C9CC0007B81A9 /* Project object */ = {
			isa = PBXProject;
			attributes = {
				BuildIndependentTargetsInParallel = 1;
				LastSwiftUpdateCheck = 1430;
				LastUpgradeCheck = 1430;
				TargetAttributes = {
					AF7CD2B72A9C9CC0007B81A9 = {
						CreatedOnToolsVersion = 14.3;
					};
				};
			};
			buildConfigurationList = AF7CD2B32A9C9CC0007B81A9 /* Build configuration list for PBXProject "CoreDataBootcamp" */;
			compatibilityVersion = "Xcode 14.0";
			developmentRegion = en;
			hasScannedForEncodings = 0;
			knownRegions = (
				en,
				Base,
			);
			mainGroup = AF7CD2AF2A9C9CC0007B81A9;
			productRefGroup = AF7CD2B92A9C9CC0007B81A9 /* Products */;
			projectDirPath = "";
			projectRoot = "";
			targets = (
				AF7CD2B72A9C9CC0007B81A9 /* CoreDataBootcamp */,
			);
		};
/* End PBXProject section */

/* Begin PBXResourcesBuildPhase section */
		AF7CD2B62A9C9CC0007B81A9 /* Resources */ = {
			isa = PBXResourcesBuildPhase;
			buildActionMask = 2147483647;
			files = (
				AF7CD2C32A9C9CC1007B81A9 /* Preview Assets.xcassets in Resources */,
				AF7CD2C02A9C9CC1007B81A9 /* Assets.xcassets in Resources */,
			);
			runOnlyForDeploymentPostprocessing = 0;
		};
/* End PBXResourcesBuildPhase section */

/* Begin PBXSourcesBuildPhase section */
		AF7CD2B42A9C9CC0007B81A9 /* Sources */ = {
			isa = PBXSourcesBuildPhase;
			buildActionMask = 2147483647;
			files = (
				AF7CD2C52A9C9CC1007B81A9 /* Persistence.swift in Sources */,
				AF7CD2C82A9C9CC1007B81A9 /* CoreDataBootcamp.xcdatamodeld in Sources */,
				AF7CD2BE2A9C9CC0007B81A9 /* ContentView.swift in Sources */,
				AF7CD2BC2A9C9CC0007B81A9 /* CoreDataBootcampApp.swift in Sources */,
			);
			runOnlyForDeploymentPostprocessing = 0;
		};
/* End PBXSourcesBuildPhase section */

/* Begin XCBuildConfiguration section */
		AF7CD2C92A9C9CC1007B81A9 /* Debug */ = {
			isa = XCBuildConfiguration;
			buildSettings = {
				ALWAYS_SEARCH_USER_PATHS = NO;
				CLANG_ANALYZER_NONNULL = YES;
				CLANG_ANALYZER_NUMBER_OBJECT_CONVERSION = YES_AGGRESSIVE;
				CLANG_CXX_LANGUAGE_STANDARD = "gnu++20";
				CLANG_ENABLE_MODULES = YES;
				CLANG_ENABLE_OBJC_ARC = YES;
				CLANG_ENABLE_OBJC_WEAK = YES;
				CLANG_WARN_BLOCK_CAPTURE_AUTORELEASING = YES;
				CLANG_WARN_BOOL_CONVERSION = YES;
				CLANG_WARN_COMMA = YES;
				CLANG_WARN_CONSTANT_CONVERSION = YES;
				CLANG_WARN_DEPRECATED_OBJC_IMPLEMENTATIONS = YES;
				CLANG_WARN_DIRECT_OBJC_ISA_USAGE = YES_ERROR;
				CLANG_WARN_DOCUMENTATION_COMMENTS = YES;
				CLANG_WARN_EMPTY_BODY = YES;
				CLANG_WARN_ENUM_CONVERSION = YES;
				CLANG_WARN_INFINITE_RECURSION = YES;
				CLANG_WARN_INT_CONVERSION = YES;
				CLANG_WARN_NON_LITERAL_NULL_CONVERSION = YES;
				CLANG_WARN_OBJC_IMPLICIT_RETAIN_SELF = YES;
				CLANG_WARN_OBJC_LITERAL_CONVERSION = YES;
				CLANG_WARN_OBJC_ROOT_CLASS = YES_ERROR;
				CLANG_WARN_QUOTED_INCLUDE_IN_FRAMEWORK_HEADER = YES;
				CLANG_WARN_RANGE_LOOP_ANALYSIS = YES;
				CLANG_WARN_STRICT_PROTOTYPES = YES;
				CLANG_WARN_SUSPICIOUS_MOVE = YES;
				CLANG_WARN_UNGUARDED_AVAILABILITY = YES_AGGRESSIVE;
				CLANG_WARN_UNREACHABLE_CODE = YES;
				CLANG_WARN__DUPLICATE_METHOD_MATCH = YES;
				COPY_PHASE_STRIP = NO;
				DEBUG_INFORMATION_FORMAT = dwarf;
				ENABLE_STRICT_OBJC_MSGSEND = YES;
				ENABLE_TESTABILITY = YES;
				GCC_C_LANGUAGE_STANDARD = gnu11;
				GCC_DYNAMIC_NO_PIC = NO;
				GCC_NO_COMMON_BLOCKS = YES;
				GCC_OPTIMIZATION_LEVEL = 0;
				GCC_PREPROCESSOR_DEFINITIONS = (
					"DEBUG=1",
					"$(inherited)",
				);
				GCC_WARN_64_TO_32_BIT_CONVERSION = YES;
				GCC_WARN_ABOUT_RETURN_TYPE = YES_ERROR;
				GCC_WARN_UNDECLARED_SELECTOR = YES;
				GCC_WARN_UNINITIALIZED_AUTOS = YES_AGGRESSIVE;
				GCC_WARN_UNUSED_FUNCTION = YES;
				GCC_WARN_UNUSED_VARIABLE = YES;
				IPHONEOS_DEPLOYMENT_TARGET = 16.4;
				MTL_ENABLE_DEBUG_INFO = INCLUDE_SOURCE;
				MTL_FAST_MATH = YES;
				ONLY_ACTIVE_ARCH = YES;
				SDKROOT = iphoneos;
				SWIFT_ACTIVE_COMPILATION_CONDITIONS = DEBUG;
				SWIFT_OPTIMIZATION_LEVEL = "-Onone";
			};
			name = Debug;
		};
		AF7CD2CA2A9C9CC1007B81A9 /* Release */ = {
			isa = XCBuildConfiguration;
			buildSettings = {
				ALWAYS_SEARCH_USER_PATHS = NO;
				CLANG_ANALYZER_NONNULL = YES;
				CLANG_ANALYZER_NUMBER_OBJECT_CONVERSION = YES_AGGRESSIVE;
				CLANG_CXX_LANGUAGE_STANDARD = "gnu++20";
				CLANG_ENABLE_MODULES = YES;
				CLANG_ENABLE_OBJC_ARC = YES;
				CLANG_ENABLE_OBJC_WEAK = YES;
				CLANG_WARN_BLOCK_CAPTURE_AUTORELEASING = YES;
				CLANG_WARN_BOOL_CONVERSION = YES;
				CLANG_WARN_COMMA = YES;
				CLANG_WARN_CONSTANT_CONVERSION = YES;
				CLANG_WARN_DEPRECATED_OBJC_IMPLEMENTATIONS = YES;
				CLANG_WARN_DIRECT_OBJC_ISA_USAGE = YES_ERROR;
				CLANG_WARN_DOCUMENTATION_COMMENTS = YES;
				CLANG_WARN_EMPTY_BODY = YES;
				CLANG_WARN_ENUM_CONVERSION = YES;
				CLANG_WARN_INFINITE_RECURSION = YES;
				CLANG_WARN_INT_CONVERSION = YES;
				CLANG_WARN_NON_LITERAL_NULL_CONVERSION = YES;
				CLANG_WARN_OBJC_IMPLICIT_RETAIN_SELF = YES;
				CLANG_WARN_OBJC_LITERAL_CONVERSION = YES;
				CLANG_WARN_OBJC_ROOT_CLASS = YES_ERROR;
				CLANG_WARN_QUOTED_INCLUDE_IN_FRAMEWORK_HEADER = YES;
				CLANG_WARN_RANGE_LOOP_ANALYSIS = YES;
				CLANG_WARN_STRICT_PROTOTYPES = YES;
				CLANG_WARN_SUSPICIOUS_MOVE = YES;
				CLANG_WARN_UNGUARDED_AVAILABILITY = YES_AGGRESSIVE;
				CLANG_WARN_UNREACHABLE_CODE = YES;
				CLANG_WARN__DUPLICATE_METHOD_MATCH = YES;
				COPY_PHASE_STRIP = NO;
				DEBUG_INFORMATION_FORMAT = "dwarf-with-dsym";
				ENABLE_NS_ASSERTIONS = NO;
				ENABLE_STRICT_OBJC_MSGSEND = YES;
				GCC_C_LANGUAGE_STANDARD = gnu11;
				GCC_NO_COMMON_BLOCKS = YES;
				GCC_WARN_64_TO_32_BIT_CONVERSION = YES;
				GCC_WARN_ABOUT_RETURN_TYPE = YES_ERROR;
				GCC_WARN_UNDECLARED_SELECTOR = YES;
				GCC_WARN_UNINITIALIZED_AUTOS = YES_AGGRESSIVE;
				GCC_WARN_UNUSED_FUNCTION = YES;
				GCC_WARN_UNUSED_VARIABLE = YES;
				IPHONEOS_DEPLOYMENT_TARGET = 16.4;
				MTL_ENABLE_DEBUG_INFO = NO;
				MTL_FAST_MATH = YES;
				SDKROOT = iphoneos;
				SWIFT_COMPILATION_MODE = wholemodule;
				SWIFT_OPTIMIZATION_LEVEL = "-O";
				VALIDATE_PRODUCT = YES;
			};
			name = Release;
		};
		AF7CD2CC2A9C9CC1007B81A9 /* Debug */ = {
			isa = XCBuildConfiguration;
			buildSettings = {
				ASSETCATALOG_COMPILER_APPICON_NAME = AppIcon;
				ASSETCATALOG_COMPILER_GLOBAL_ACCENT_COLOR_NAME = AccentColor;
				CODE_SIGN_STYLE = Automatic;
				CURRENT_PROJECT_VERSION = 1;
				DEVELOPMENT_ASSET_PATHS = "\"CoreDataBootcamp/Preview Content\"";
				DEVELOPMENT_TEAM = 395U9LS8W9;
				ENABLE_PREVIEWS = YES;
				GENERATE_INFOPLIST_FILE = YES;
				INFOPLIST_KEY_UIApplicationSceneManifest_Generation = YES;
				INFOPLIST_KEY_UIApplicationSupportsIndirectInputEvents = YES;
				INFOPLIST_KEY_UILaunchScreen_Generation = YES;
				INFOPLIST_KEY_UISupportedInterfaceOrientations_iPad = "UIInterfaceOrientationPortrait UIInterfaceOrientationPortraitUpsideDown UIInterfaceOrientationLandscapeLeft UIInterfaceOrientationLandscapeRight";
				INFOPLIST_KEY_UISupportedInterfaceOrientations_iPhone = "UIInterfaceOrientationPortrait UIInterfaceOrientationLandscapeLeft UIInterfaceOrientationLandscapeRight";
				LD_RUNPATH_SEARCH_PATHS = (
					"$(inherited)",
					"@executable_path/Frameworks",
				);
				MARKETING_VERSION = 1.0;
				PRODUCT_BUNDLE_IDENTIFIER = kulakdev.CoreDataBootcamp;
				PRODUCT_NAME = "$(TARGET_NAME)";
				SWIFT_EMIT_LOC_STRINGS = YES;
				SWIFT_VERSION = 5.0;
				TARGETED_DEVICE_FAMILY = "1,2";
			};
			name = Debug;
		};
		AF7CD2CD2A9C9CC1007B81A9 /* Release */ = {
			isa = XCBuildConfiguration;
			buildSettings = {
				ASSETCATALOG_COMPILER_APPICON_NAME = AppIcon;
				ASSETCATALOG_COMPILER_GLOBAL_ACCENT_COLOR_NAME = AccentColor;
				CODE_SIGN_STYLE = Automatic;
				CURRENT_PROJECT_VERSION = 1;
				DEVELOPMENT_ASSET_PATHS = "\"CoreDataBootcamp/Preview Content\"";
				DEVELOPMENT_TEAM = 395U9LS8W9;
				ENABLE_PREVIEWS = YES;
				GENERATE_INFOPLIST_FILE = YES;
				INFOPLIST_KEY_UIApplicationSceneManifest_Generation = YES;
				INFOPLIST_KEY_UIApplicationSupportsIndirectInputEvents = YES;
				INFOPLIST_KEY_UILaunchScreen_Generation = YES;
				INFOPLIST_KEY_UISupportedInterfaceOrientations_iPad = "UIInterfaceOrientationPortrait UIInterfaceOrientationPortraitUpsideDown UIInterfaceOrientationLandscapeLeft UIInterfaceOrientationLandscapeRight";
				INFOPLIST_KEY_UISupportedInterfaceOrientations_iPhone = "UIInterfaceOrientationPortrait UIInterfaceOrientationLandscapeLeft UIInterfaceOrientationLandscapeRight";
				LD_RUNPATH_SEARCH_PATHS = (
					"$(inherited)",
					"@executable_path/Frameworks",
				);
				MARKETING_VERSION = 1.0;
				PRODUCT_BUNDLE_IDENTIFIER = kulakdev.CoreDataBootcamp;
				PRODUCT_NAME = "$(TARGET_NAME)";
				SWIFT_EMIT_LOC_STRINGS = YES;
				SWIFT_VERSION = 5.0;
				TARGETED_DEVICE_FAMILY = "1,2";
			};
			name = Release;
		};
/* End XCBuildConfiguration section */

/* Begin XCConfigurationList section */
		AF7CD2B32A9C9CC0007B81A9 /* Build configuration list for PBXProject "CoreDataBootcamp" */ = {
			isa = XCConfigurationList;
			buildConfigurations = (
				AF7CD2C92A9C9CC1007B81A9 /* Debug */,
				AF7CD2CA2A9C9CC1007B81A9 /* Release */,
			);
			defaultConfigurationIsVisible = 0;
			defaultConfigurationName = Release;
		};
		AF7CD2CB2A9C9CC1007B81A9 /* Build configuration list for PBXNativeTarget "CoreDataBootcamp" */ = {
			isa = XCConfigurationList;
			buildConfigurations = (
				AF7CD2CC2A9C9CC1007B81A9 /* Debug */,
				AF7CD2CD2A9C9CC1007B81A9 /* Release */,
			);
			defaultConfigurationIsVisible = 0;
			defaultConfigurationName = Release;
		};
/* End XCConfigurationList section */

/* Begin XCVersionGroup section */
		AF7CD2C62A9C9CC1007B81A9 /* CoreDataBootcamp.xcdatamodeld */ = {
			isa = XCVersionGroup;
			children = (
				AF7CD2C72A9C9CC1007B81A9 /* CoreDataBootcamp.xcdatamodel */,
			);
			currentVersion = AF7CD2C72A9C9CC1007B81A9 /* CoreDataBootcamp.xcdatamodel */;
			path = CoreDataBootcamp.xcdatamodeld;
			sourceTree = "<group>";
			versionGroupType = wrapper.xcdatamodel;
		};
/* End XCVersionGroup section */
	};
	rootObject = AF7CD2B02A9C9CC0007B81A9 /* Project object */;
}
